{
    "_readme": [
        "This file locks the dependencies of your project to a known state",
        "Read more about it at https://getcomposer.org/doc/01-basic-usage.md#installing-dependencies",
        "This file is @generated automatically"
    ],
    "content-hash": "e522d0765b5e1ea23db967eb8e0ac5df",
    "packages": [
        {
            "name": "jpi/utils",
            "version": "dev-feature/url-instance",
            "source": {
                "type": "git",
                "url": "https://github.com/jahidulpabelislam/utils.git",
                "reference": "1fe6df13f3c21fe2ae35c0d47c31646beca9a9f4"
            },
            "dist": {
                "type": "zip",
                "url": "https://api.github.com/repos/jahidulpabelislam/utils/zipball/1fe6df13f3c21fe2ae35c0d47c31646beca9a9f4",
                "reference": "1fe6df13f3c21fe2ae35c0d47c31646beca9a9f4",
                "shasum": ""
            },
            "require": {
                "php": "^7.1"
            },
            "type": "library",
            "autoload": {
                "psr-4": {
                    "JPI\\Utils\\": "src/"
                }
            },
            "notification-url": "https://packagist.org/downloads/",
            "license": [
                "GPL-3.0-only"
            ],
            "authors": [
                {
                    "name": "Jahidul Pabel Islam",
                    "email": "me@jahidulpabelislam.com"
                }
            ],
            "description": "Library with various utility classes",
            "keywords": [
                "utilities"
            ],
            "support": {
                "issues": "https://github.com/jahidulpabelislam/utils/issues",
                "source": "https://github.com/jahidulpabelislam/utils/tree/feature/url-instance"
            },
            "time": "2022-10-02T12:35:29+00:00"
        }
    ],
    "packages-dev": [],
    "aliases": [],
    "minimum-stability": "stable",
    "stability-flags": {
        "jpi/utils": 20
    },
    "prefer-stable": false,
    "prefer-lowest": false,
    "platform": [],
    "platform-dev": [],
    "plugin-api-version": "2.2.0"
}
