{
    "_readme": [
        "This file locks the dependencies of your project to a known state",
        "Read more about it at https://getcomposer.org/doc/01-basic-usage.md#installing-dependencies",
        "This file is @generated automatically"
    ],
    "content-hash": "edfd2f9367a25ced54c2263a4be37798",
    "packages": [
        {
            "name": "jpi/site",
            "version": "1.x-dev",
            "source": {
                "type": "git",
                "url": "https://github.com/jahidulpabelislam/site.git",
                "reference": "8525cffd1331006d16d751855e1627c192400603"
            },
            "dist": {
                "type": "zip",
                "url": "https://api.github.com/repos/jahidulpabelislam/site/zipball/8525cffd1331006d16d751855e1627c192400603",
                "reference": "8525cffd1331006d16d751855e1627c192400603",
                "shasum": ""
            },
            "require": {
                "ext-json": "*",
                "php": "^7.1"
            },
            "default-branch": true,
            "type": "library",
            "autoload": {
                "psr-4": {
                    "JPI\\": "src/"
                }
            },
            "description": "Personal library with reusable bits for my sites.",
            "support": {
                "source": "https://github.com/jahidulpabelislam/site/tree/1.x",
                "issues": "https://github.com/jahidulpabelislam/site/issues"
            },
            "time": "2021-12-22T22:43:04+00:00"
        }
    ],
    "packages-dev": [],
    "aliases": [],
    "minimum-stability": "stable",
    "stability-flags": {
        "jpi/site": 20
    },
    "prefer-stable": false,
    "prefer-lowest": false,
    "platform": {
        "php": "^7.3",
        "ext-curl": "*",
        "ext-json": "*"
    },
    "platform-dev": [],
    "plugin-api-version": "2.0.0"
}
